
Microsoft Visual Studio Solution File, Format Version 12.00
# Visual Studio Version 16
VisualStudioVersion = 16.0.29306.81
MinimumVisualStudioVersion = 10.0.40219.1
Project("{FAE04EC0-301F-11D3-BF4B-00C04F79EFBC}") = "Views", "Tp2-Angelelli\Views.csproj", "{8E977BA9-7EE9-4AEB-AEBC-4CA49E160D8B}"
EndProject
Project("{FAE04EC0-301F-11D3-BF4B-00C04F79EFBC}") = "Dominio", "Dominio\Dominio.csproj", "{0B544E1F-162A-4F2B-9917-4E31073536EF}"
EndProject
Project("{FAE04EC0-301F-11D3-BF4B-00C04F79EFBC}") = "Negocio", "Negocio\Negocio.csproj", "{B07F9352-1EC2-4335-B87A-1746DD5A24C0}"
EndProject
Global
	GlobalSection(SolutionConfigurationPlatforms) = preSolution
		Debug|Any CPU = Debug|Any CPU
		Release|Any CPU = Release|Any CPU
	EndGlobalSection
	GlobalSection(ProjectConfigurationPlatforms) = postSolution
		{8E977BA9-7EE9-4AEB-AEBC-4CA49E160D8B}.Debug|Any CPU.ActiveCfg = Debug|Any CPU
		{8E977BA9-7EE9-4AEB-AEBC-4CA49E160D8B}.Debug|Any CPU.Build.0 = Debug|Any CPU
		{8E977BA9-7EE9-4AEB-AEBC-4CA49E160D8B}.Release|Any CPU.ActiveCfg = Release|Any CPU
		{8E977BA9-7EE9-4AEB-AEBC-4CA49E160D8B}.Release|Any CPU.Build.0 = Release|Any CPU
		{0B544E1F-162A-4F2B-9917-4E31073536EF}.Debug|Any CPU.ActiveCfg = Debug|Any CPU
		{0B544E1F-162A-4F2B-9917-4E31073536EF}.Debug|Any CPU.Build.0 = Debug|Any CPU
		{0B544E1F-162A-4F2B-9917-4E31073536EF}.Release|Any CPU.ActiveCfg = Release|Any CPU
		{0B544E1F-162A-4F2B-9917-4E31073536EF}.Release|Any CPU.Build.0 = Release|Any CPU
		{B07F9352-1EC2-4335-B87A-1746DD5A24C0}.Debug|Any CPU.ActiveCfg = Debug|Any CPU
		{B07F9352-1EC2-4335-B87A-1746DD5A24C0}.Debug|Any CPU.Build.0 = Debug|Any CPU
		{B07F9352-1EC2-4335-B87A-1746DD5A24C0}.Release|Any CPU.ActiveCfg = Release|Any CPU
		{B07F9352-1EC2-4335-B87A-1746DD5A24C0}.Release|Any CPU.Build.0 = Release|Any CPU
	EndGlobalSection
	GlobalSection(SolutionProperties) = preSolution
		HideSolutionNode = FALSE
	EndGlobalSection
	GlobalSection(ExtensibilityGlobals) = postSolution
		SolutionGuid = {03BA13DB-E362-47E5-B53D-8A934217C712}
	EndGlobalSection
EndGlobal
